
Microsoft Visual Studio Solution File, Format Version 12.00
# Visual Studio Version 17
VisualStudioVersion = 17.0.31903.59
MinimumVisualStudioVersion = 10.0.40219.1
Project("{FAE04EC0-301F-11D3-BF4B-00C04F79EFBC}") = "LibraryManagement.Domain", "LibraryManagement.Domain\LibraryManagement.Domain.csproj", "{72CAFB1F-AAD8-4427-AEC2-9F3C7CB080F2}"
EndProject
Project("{FAE04EC0-301F-11D3-BF4B-00C04F79EFBC}") = "LibraryManagement.Application", "LibraryManagement.Application\LibraryManagement.Application.csproj", "{64F8E50E-17B8-4DA5-BC6B-CCC590876384}"
EndProject
Project("{FAE04EC0-301F-11D3-BF4B-00C04F79EFBC}") = "LibraryManagement.Infrastructure", "LibraryManagement.Infrastructure\LibraryManagement.Infrastructure.csproj", "{F541BB0F-39B8-4D3B-9D97-3BF6CA9D6D58}"
EndProject
Project("{FAE04EC0-301F-11D3-BF4B-00C04F79EFBC}") = "LibraryManagement.API", "LibraryManagement.API\LibraryManagement.API.csproj", "{3E73738E-C9B6-445E-9393-B3D705CFC00D}"
EndProject
Global
	GlobalSection(SolutionConfigurationPlatforms) = preSolution
		Debug|Any CPU = Debug|Any CPU
		Debug|x64 = Debug|x64
		Debug|x86 = Debug|x86
		Release|Any CPU = Release|Any CPU
		Release|x64 = Release|x64
		Release|x86 = Release|x86
	EndGlobalSection
	GlobalSection(ProjectConfigurationPlatforms) = postSolution
		{72CAFB1F-AAD8-4427-AEC2-9F3C7CB080F2}.Debug|Any CPU.ActiveCfg = Debug|Any CPU
		{72CAFB1F-AAD8-4427-AEC2-9F3C7CB080F2}.Debug|Any CPU.Build.0 = Debug|Any CPU
		{72CAFB1F-AAD8-4427-AEC2-9F3C7CB080F2}.Debug|x64.ActiveCfg = Debug|Any CPU
		{72CAFB1F-AAD8-4427-AEC2-9F3C7CB080F2}.Debug|x64.Build.0 = Debug|Any CPU
		{72CAFB1F-AAD8-4427-AEC2-9F3C7CB080F2}.Debug|x86.ActiveCfg = Debug|Any CPU
		{72CAFB1F-AAD8-4427-AEC2-9F3C7CB080F2}.Debug|x86.Build.0 = Debug|Any CPU
		{72CAFB1F-AAD8-4427-AEC2-9F3C7CB080F2}.Release|Any CPU.ActiveCfg = Release|Any CPU
		{72CAFB1F-AAD8-4427-AEC2-9F3C7CB080F2}.Release|Any CPU.Build.0 = Release|Any CPU
		{72CAFB1F-AAD8-4427-AEC2-9F3C7CB080F2}.Release|x64.ActiveCfg = Release|Any CPU
		{72CAFB1F-AAD8-4427-AEC2-9F3C7CB080F2}.Release|x64.Build.0 = Release|Any CPU
		{72CAFB1F-AAD8-4427-AEC2-9F3C7CB080F2}.Release|x86.ActiveCfg = Release|Any CPU
		{72CAFB1F-AAD8-4427-AEC2-9F3C7CB080F2}.Release|x86.Build.0 = Release|Any CPU
		{64F8E50E-17B8-4DA5-BC6B-CCC590876384}.Debug|Any CPU.ActiveCfg = Debug|Any CPU
		{64F8E50E-17B8-4DA5-BC6B-CCC590876384}.Debug|Any CPU.Build.0 = Debug|Any CPU
		{64F8E50E-17B8-4DA5-BC6B-CCC590876384}.Debug|x64.ActiveCfg = Debug|Any CPU
		{64F8E50E-17B8-4DA5-BC6B-CCC590876384}.Debug|x64.Build.0 = Debug|Any CPU
		{64F8E50E-17B8-4DA5-BC6B-CCC590876384}.Debug|x86.ActiveCfg = Debug|Any CPU
		{64F8E50E-17B8-4DA5-BC6B-CCC590876384}.Debug|x86.Build.0 = Debug|Any CPU
		{64F8E50E-17B8-4DA5-BC6B-CCC590876384}.Release|Any CPU.ActiveCfg = Release|Any CPU
		{64F8E50E-17B8-4DA5-BC6B-CCC590876384}.Release|Any CPU.Build.0 = Release|Any CPU
		{64F8E50E-17B8-4DA5-BC6B-CCC590876384}.Release|x64.ActiveCfg = Release|Any CPU
		{64F8E50E-17B8-4DA5-BC6B-CCC590876384}.Release|x64.Build.0 = Release|Any CPU
		{64F8E50E-17B8-4DA5-BC6B-CCC590876384}.Release|x86.ActiveCfg = Release|Any CPU
		{64F8E50E-17B8-4DA5-BC6B-CCC590876384}.Release|x86.Build.0 = Release|Any CPU
		{F541BB0F-39B8-4D3B-9D97-3BF6CA9D6D58}.Debug|Any CPU.ActiveCfg = Debug|Any CPU
		{F541BB0F-39B8-4D3B-9D97-3BF6CA9D6D58}.Debug|Any CPU.Build.0 = Debug|Any CPU
		{F541BB0F-39B8-4D3B-9D97-3BF6CA9D6D58}.Debug|x64.ActiveCfg = Debug|Any CPU
		{F541BB0F-39B8-4D3B-9D97-3BF6CA9D6D58}.Debug|x64.Build.0 = Debug|Any CPU
		{F541BB0F-39B8-4D3B-9D97-3BF6CA9D6D58}.Debug|x86.ActiveCfg = Debug|Any CPU
		{F541BB0F-39B8-4D3B-9D97-3BF6CA9D6D58}.Debug|x86.Build.0 = Debug|Any CPU
		{F541BB0F-39B8-4D3B-9D97-3BF6CA9D6D58}.Release|Any CPU.ActiveCfg = Release|Any CPU
		{F541BB0F-39B8-4D3B-9D97-3BF6CA9D6D58}.Release|Any CPU.Build.0 = Release|Any CPU
		{F541BB0F-39B8-4D3B-9D97-3BF6CA9D6D58}.Release|x64.ActiveCfg = Release|Any CPU
		{F541BB0F-39B8-4D3B-9D97-3BF6CA9D6D58}.Release|x64.Build.0 = Release|Any CPU
		{F541BB0F-39B8-4D3B-9D97-3BF6CA9D6D58}.Release|x86.ActiveCfg = Release|Any CPU
		{F541BB0F-39B8-4D3B-9D97-3BF6CA9D6D58}.Release|x86.Build.0 = Release|Any CPU
		{3E73738E-C9B6-445E-9393-B3D705CFC00D}.Debug|Any CPU.ActiveCfg = Debug|Any CPU
		{3E73738E-C9B6-445E-9393-B3D705CFC00D}.Debug|Any CPU.Build.0 = Debug|Any CPU
		{3E73738E-C9B6-445E-9393-B3D705CFC00D}.Debug|x64.ActiveCfg = Debug|Any CPU
		{3E73738E-C9B6-445E-9393-B3D705CFC00D}.Debug|x64.Build.0 = Debug|Any CPU
		{3E73738E-C9B6-445E-9393-B3D705CFC00D}.Debug|x86.ActiveCfg = Debug|Any CPU
		{3E73738E-C9B6-445E-9393-B3D705CFC00D}.Debug|x86.Build.0 = Debug|Any CPU
		{3E73738E-C9B6-445E-9393-B3D705CFC00D}.Release|Any CPU.ActiveCfg = Release|Any CPU
		{3E73738E-C9B6-445E-9393-B3D705CFC00D}.Release|Any CPU.Build.0 = Release|Any CPU
		{3E73738E-C9B6-445E-9393-B3D705CFC00D}.Release|x64.ActiveCfg = Release|Any CPU
		{3E73738E-C9B6-445E-9393-B3D705CFC00D}.Release|x64.Build.0 = Release|Any CPU
		{3E73738E-C9B6-445E-9393-B3D705CFC00D}.Release|x86.ActiveCfg = Release|Any CPU
		{3E73738E-C9B6-445E-9393-B3D705CFC00D}.Release|x86.Build.0 = Release|Any CPU
	EndGlobalSection
	GlobalSection(SolutionProperties) = preSolution
		HideSolutionNode = FALSE
	EndGlobalSection
EndGlobal
